
Microsoft Visual Studio Solution File, Format Version 12.00
# Visual Studio Version 17
VisualStudioVersion = 17.9.34526.213
MinimumVisualStudioVersion = 10.0.40219.1
Project("{2150E333-8FDC-42A3-9474-1A3956D46DE8}") = "Services", "Services", "{3FA3CA19-015B-4762-B9D6-4EB7BDAC5F7E}"
EndProject
Project("{2150E333-8FDC-42A3-9474-1A3956D46DE8}") = "Catalog", "Catalog", "{6A004E6E-9266-4CF8-A994-8035FA06C3CE}"
EndProject
Global
	GlobalSection(SolutionProperties) = preSolution
		HideSolutionNode = FALSE
	EndGlobalSection
	GlobalSection(NestedProjects) = preSolution
		{6A004E6E-9266-4CF8-A994-8035FA06C3CE} = {3FA3CA19-015B-4762-B9D6-4EB7BDAC5F7E}
	EndGlobalSection
	GlobalSection(ExtensibilityGlobals) = postSolution
		SolutionGuid = {DE371267-9A93-4B64-92FF-4DCED20B52E9}
	EndGlobalSection
EndGlobal
