
Microsoft Visual Studio Solution File, Format Version 12.00
# Visual Studio Version 17
VisualStudioVersion = 17.9.34526.213
MinimumVisualStudioVersion = 10.0.40219.1
Project("{2150E333-8FDC-42A3-9474-1A3956D46DE8}") = "Services", "Services", "{3FA3CA19-015B-4762-B9D6-4EB7BDAC5F7E}"
EndProject
Project("{2150E333-8FDC-42A3-9474-1A3956D46DE8}") = "Catalog", "Catalog", "{6A004E6E-9266-4CF8-A994-8035FA06C3CE}"
EndProject
Project("{FAE04EC0-301F-11D3-BF4B-00C04F79EFBC}") = "Catalog.API", "Services\Catalog\Catalog.API\Catalog.API.csproj", "{C0F81F16-429A-425E-AD81-72335B0B516C}"
EndProject
Project("{2150E333-8FDC-42A3-9474-1A3956D46DE8}") = "BuildingBlocks", "BuildingBlocks", "{D7F85CBD-DBED-4F99-9A1F-86C01883CF44}"
EndProject
Project("{FAE04EC0-301F-11D3-BF4B-00C04F79EFBC}") = "BuildingBlocks", "BuildingBlocks\BuilldingBlocks\BuildingBlocks.csproj", "{A23BA75D-680D-4AAE-B004-1E329BEF66FD}"
EndProject
Project("{E53339B2-1760-4266-BCC7-CA923CBCF16C}") = "docker-compose", "docker-compose.dcproj", "{D37B10B3-8212-4470-A8C5-6BBCB9DA484D}"
EndProject
Project("{2150E333-8FDC-42A3-9474-1A3956D46DE8}") = "Basket", "Basket", "{02EA681E-C7D8-13C7-8484-4AC65E1B71E8}"
EndProject
Project("{FAE04EC0-301F-11D3-BF4B-00C04F79EFBC}") = "Basket.API", "Services\Basket\Basket.API\Basket.API.csproj", "{B6B19443-5720-4E1A-9C35-75088772C696}"
EndProject
Project("{2150E333-8FDC-42A3-9474-1A3956D46DE8}") = "Discount", "Discount", "{02EA681E-C7D8-13C7-8484-4AC65E1B71E8}"
EndProject
Project("{FAE04EC0-301F-11D3-BF4B-00C04F79EFBC}") = "Discount.grpc", "Services\Discount\Discount.grpc\Discount.grpc.csproj", "{9E1A0C2B-0D95-4350-9F92-09C52FE6EC21}"
EndProject
Global
	GlobalSection(SolutionConfigurationPlatforms) = preSolution
		Debug|Any CPU = Debug|Any CPU
		Release|Any CPU = Release|Any CPU
	EndGlobalSection
	GlobalSection(ProjectConfigurationPlatforms) = postSolution
		{C0F81F16-429A-425E-AD81-72335B0B516C}.Debug|Any CPU.ActiveCfg = Debug|Any CPU
		{C0F81F16-429A-425E-AD81-72335B0B516C}.Debug|Any CPU.Build.0 = Debug|Any CPU
		{C0F81F16-429A-425E-AD81-72335B0B516C}.Release|Any CPU.ActiveCfg = Release|Any CPU
		{C0F81F16-429A-425E-AD81-72335B0B516C}.Release|Any CPU.Build.0 = Release|Any CPU
		{A23BA75D-680D-4AAE-B004-1E329BEF66FD}.Debug|Any CPU.ActiveCfg = Debug|Any CPU
		{A23BA75D-680D-4AAE-B004-1E329BEF66FD}.Debug|Any CPU.Build.0 = Debug|Any CPU
		{A23BA75D-680D-4AAE-B004-1E329BEF66FD}.Release|Any CPU.ActiveCfg = Release|Any CPU
		{A23BA75D-680D-4AAE-B004-1E329BEF66FD}.Release|Any CPU.Build.0 = Release|Any CPU
		{D37B10B3-8212-4470-A8C5-6BBCB9DA484D}.Debug|Any CPU.ActiveCfg = Debug|Any CPU
		{D37B10B3-8212-4470-A8C5-6BBCB9DA484D}.Debug|Any CPU.Build.0 = Debug|Any CPU
		{D37B10B3-8212-4470-A8C5-6BBCB9DA484D}.Release|Any CPU.ActiveCfg = Release|Any CPU
		{D37B10B3-8212-4470-A8C5-6BBCB9DA484D}.Release|Any CPU.Build.0 = Release|Any CPU
		{B6B19443-5720-4E1A-9C35-75088772C696}.Debug|Any CPU.ActiveCfg = Debug|Any CPU
		{B6B19443-5720-4E1A-9C35-75088772C696}.Debug|Any CPU.Build.0 = Debug|Any CPU
		{B6B19443-5720-4E1A-9C35-75088772C696}.Release|Any CPU.ActiveCfg = Release|Any CPU
		{B6B19443-5720-4E1A-9C35-75088772C696}.Release|Any CPU.Build.0 = Release|Any CPU
		{9E1A0C2B-0D95-4350-9F92-09C52FE6EC21}.Debug|Any CPU.ActiveCfg = Debug|Any CPU
		{9E1A0C2B-0D95-4350-9F92-09C52FE6EC21}.Debug|Any CPU.Build.0 = Debug|Any CPU
		{9E1A0C2B-0D95-4350-9F92-09C52FE6EC21}.Release|Any CPU.ActiveCfg = Release|Any CPU
		{9E1A0C2B-0D95-4350-9F92-09C52FE6EC21}.Release|Any CPU.Build.0 = Release|Any CPU
	EndGlobalSection
	GlobalSection(SolutionProperties) = preSolution
		HideSolutionNode = FALSE
	EndGlobalSection
	GlobalSection(NestedProjects) = preSolution
		{6A004E6E-9266-4CF8-A994-8035FA06C3CE} = {3FA3CA19-015B-4762-B9D6-4EB7BDAC5F7E}
		{C0F81F16-429A-425E-AD81-72335B0B516C} = {6A004E6E-9266-4CF8-A994-8035FA06C3CE}
		{A23BA75D-680D-4AAE-B004-1E329BEF66FD} = {D7F85CBD-DBED-4F99-9A1F-86C01883CF44}
		{02EA681E-C7D8-13C7-8484-4AC65E1B71E8} = {3FA3CA19-015B-4762-B9D6-4EB7BDAC5F7E}
		{B6B19443-5720-4E1A-9C35-75088772C696} = {02EA681E-C7D8-13C7-8484-4AC65E1B71E8}
		{9E1A0C2B-0D95-4350-9F92-09C52FE6EC21} = {02EA681E-C7D8-13C7-8484-4AC65E1B71E8}
	EndGlobalSection
	GlobalSection(ExtensibilityGlobals) = postSolution
		SolutionGuid = {DE371267-9A93-4B64-92FF-4DCED20B52E9}
	EndGlobalSection
EndGlobal
